
Microsoft Visual Studio Solution File, Format Version 12.00
# Visual Studio Version 17
VisualStudioVersion = 17.0.31903.59
MinimumVisualStudioVersion = 10.0.40219.1
Project("{FAE04EC0-301F-11D3-BF4B-00C04F79EFBC}") = "StevenCalculator", "StevenCalculator\StevenCalculator.csproj", "{B0C32F7D-05F5-42A8-980B-B3036951F8A1}"
EndProject
Global
	GlobalSection(SolutionConfigurationPlatforms) = preSolution
		Debug|Any CPU = Debug|Any CPU
		Release|Any CPU = Release|Any CPU
	EndGlobalSection
	GlobalSection(ProjectConfigurationPlatforms) = postSolution
		{B0C32F7D-05F5-42A8-980B-B3036951F8A1}.Debug|Any CPU.ActiveCfg = Debug|Any CPU
		{B0C32F7D-05F5-42A8-980B-B3036951F8A1}.Debug|Any CPU.Build.0 = Debug|Any CPU
		{B0C32F7D-05F5-42A8-980B-B3036951F8A1}.Release|Any CPU.ActiveCfg = Release|Any CPU
		{B0C32F7D-05F5-42A8-980B-B3036951F8A1}.Release|Any CPU.Build.0 = Release|Any CPU
	EndGlobalSection
	GlobalSection(SolutionProperties) = preSolution
		HideSolutionNode = FALSE
	EndGlobalSection
	GlobalSection(ExtensibilityGlobals) = postSolution
		SolutionGuid = {AFB479A7-44DD-43E2-8025-7839046250DE}
	EndGlobalSection
EndGlobal
